
Microsoft Visual Studio Solution File, Format Version 12.00
# Visual Studio 2013
VisualStudioVersion = 12.0.31101.0
MinimumVisualStudioVersion = 10.0.40219.1
Project("{FAE04EC0-301F-11D3-BF4B-00C04F79EFBC}") = "DailyChallengeHard221", "DailyChallengeHard221\DailyChallengeHard221.csproj", "{BABDF2D1-FD63-4907-920B-1C7EA6D53E89}"
EndProject
Global
	GlobalSection(SolutionConfigurationPlatforms) = preSolution
		Debug|Any CPU = Debug|Any CPU
		Release|Any CPU = Release|Any CPU
	EndGlobalSection
	GlobalSection(ProjectConfigurationPlatforms) = postSolution
		{BABDF2D1-FD63-4907-920B-1C7EA6D53E89}.Debug|Any CPU.ActiveCfg = Debug|Any CPU
		{BABDF2D1-FD63-4907-920B-1C7EA6D53E89}.Debug|Any CPU.Build.0 = Debug|Any CPU
		{BABDF2D1-FD63-4907-920B-1C7EA6D53E89}.Release|Any CPU.ActiveCfg = Release|Any CPU
		{BABDF2D1-FD63-4907-920B-1C7EA6D53E89}.Release|Any CPU.Build.0 = Release|Any CPU
	EndGlobalSection
	GlobalSection(SolutionProperties) = preSolution
		HideSolutionNode = FALSE
	EndGlobalSection
EndGlobal
